
Microsoft Visual Studio Solution File, Format Version 12.00
Project("{FAE04EC0-301F-11D3-BF4B-00C04F79EFBC}") = "PhoneBook", "PhoneBook\PhoneBook.csproj", "{DA050B61-6E6B-4C03-A996-BB903E5F3519}"
EndProject
Global
	GlobalSection(SolutionConfigurationPlatforms) = preSolution
		Debug|Any CPU = Debug|Any CPU
		Release|Any CPU = Release|Any CPU
	EndGlobalSection
	GlobalSection(ProjectConfigurationPlatforms) = postSolution
		{DA050B61-6E6B-4C03-A996-BB903E5F3519}.Debug|Any CPU.ActiveCfg = Debug|Any CPU
		{DA050B61-6E6B-4C03-A996-BB903E5F3519}.Debug|Any CPU.Build.0 = Debug|Any CPU
		{DA050B61-6E6B-4C03-A996-BB903E5F3519}.Release|Any CPU.ActiveCfg = Release|Any CPU
		{DA050B61-6E6B-4C03-A996-BB903E5F3519}.Release|Any CPU.Build.0 = Release|Any CPU
	EndGlobalSection
EndGlobal
